// !$*UTF8*$!
{
	archiveVersion = 1;
	classes = {
	};
	objectVersion = 50;
	objects = {

/* Begin PBXBuildFile section */
		507E21C8253342A700D242B8 /* AnimalViewController.swift in Sources */ = {isa = PBXBuildFile; fileRef = 507E21C7253342A700D242B8 /* AnimalViewController.swift */; };
		507E21CB253342BE00D242B8 /* LoginViewController.swift in Sources */ = {isa = PBXBuildFile; fileRef = 507E21CA253342BE00D242B8 /* LoginViewController.swift */; };
		50C98586252F688B00D33756 /* AppDelegate.swift in Sources */ = {isa = PBXBuildFile; fileRef = 50C98585252F688B00D33756 /* AppDelegate.swift */; };
		50C98588252F688B00D33756 /* SceneDelegate.swift in Sources */ = {isa = PBXBuildFile; fileRef = 50C98587252F688B00D33756 /* SceneDelegate.swift */; };
		50C9858A252F688B00D33756 /* ViewController.swift in Sources */ = {isa = PBXBuildFile; fileRef = 50C98589252F688B00D33756 /* ViewController.swift */; };
		50C9858D252F688B00D33756 /* Main.storyboard in Resources */ = {isa = PBXBuildFile; fileRef = 50C9858B252F688B00D33756 /* Main.storyboard */; };
		50C9858F252F688C00D33756 /* Assets.xcassets in Resources */ = {isa = PBXBuildFile; fileRef = 50C9858E252F688C00D33756 /* Assets.xcassets */; };
		50C98592252F688C00D33756 /* LaunchScreen.storyboard in Resources */ = {isa = PBXBuildFile; fileRef = 50C98590252F688C00D33756 /* LaunchScreen.storyboard */; };
		50C9859E25308A3300D33756 /* User.swift in Sources */ = {isa = PBXBuildFile; fileRef = 50C9859D25308A3300D33756 /* User.swift */; };
		50C985A22531E07A00D33756 /* ZodiacSign.swift in Sources */ = {isa = PBXBuildFile; fileRef = 50C985A12531E07900D33756 /* ZodiacSign.swift */; };
/* End PBXBuildFile section */

/* Begin PBXFileReference section */
		507E21C7253342A700D242B8 /* AnimalViewController.swift */ = {isa = PBXFileReference; lastKnownFileType = sourcecode.swift; path = AnimalViewController.swift; sourceTree = "<group>"; };
		507E21CA253342BE00D242B8 /* LoginViewController.swift */ = {isa = PBXFileReference; lastKnownFileType = sourcecode.swift; path = LoginViewController.swift; sourceTree = "<group>"; };
		50C98582252F688B00D33756 /* ChinesseHoroscope.app */ = {isa = PBXFileReference; explicitFileType = wrapper.application; includeInIndex = 0; path = ChinesseHoroscope.app; sourceTree = BUILT_PRODUCTS_DIR; };
		50C98585252F688B00D33756 /* AppDelegate.swift */ = {isa = PBXFileReference; lastKnownFileType = sourcecode.swift; path = AppDelegate.swift; sourceTree = "<group>"; };
		50C98587252F688B00D33756 /* SceneDelegate.swift */ = {isa = PBXFileReference; lastKnownFileType = sourcecode.swift; path = SceneDelegate.swift; sourceTree = "<group>"; };
		50C98589252F688B00D33756 /* ViewController.swift */ = {isa = PBXFileReference; lastKnownFileType = sourcecode.swift; path = ViewController.swift; sourceTree = "<group>"; };
		50C9858C252F688B00D33756 /* Base */ = {isa = PBXFileReference; lastKnownFileType = file.storyboard; name = Base; path = Base.lproj/Main.storyboard; sourceTree = "<group>"; };
		50C9858E252F688C00D33756 /* Assets.xcassets */ = {isa = PBXFileReference; lastKnownFileType = folder.assetcatalog; path = Assets.xcassets; sourceTree = "<group>"; };
		50C98591252F688C00D33756 /* Base */ = {isa = PBXFileReference; lastKnownFileType = file.storyboard; name = Base; path = Base.lproj/LaunchScreen.storyboard; sourceTree = "<group>"; };
		50C98593252F688C00D33756 /* Info.plist */ = {isa = PBXFileReference; lastKnownFileType = text.plist.xml; path = Info.plist; sourceTree = "<group>"; };
		50C9859D25308A3300D33756 /* User.swift */ = {isa = PBXFileReference; lastKnownFileType = sourcecode.swift; path = User.swift; sourceTree = "<group>"; };
		50C985A12531E07900D33756 /* ZodiacSign.swift */ = {isa = PBXFileReference; lastKnownFileType = sourcecode.swift; path = ZodiacSign.swift; sourceTree = "<group>"; };
/* End PBXFileReference section */

/* Begin PBXFrameworksBuildPhase section */
		50C9857F252F688B00D33756 /* Frameworks */ = {
			isa = PBXFrameworksBuildPhase;
			buildActionMask = 2147483647;
			files = (
			);
			runOnlyForDeploymentPostprocessing = 0;
		};
/* End PBXFrameworksBuildPhase section */

/* Begin PBXGroup section */
		507E21C62533427500D242B8 /* viewController */ = {
			isa = PBXGroup;
			children = (
				50C98589252F688B00D33756 /* ViewController.swift */,
				507E21C7253342A700D242B8 /* AnimalViewController.swift */,
				507E21CA253342BE00D242B8 /* LoginViewController.swift */,
			);
			path = viewController;
			sourceTree = "<group>";
		};
		50C98579252F688B00D33756 = {
			isa = PBXGroup;
			children = (
				50C98584252F688B00D33756 /* ChinesseHoroscope */,
				50C98583252F688B00D33756 /* Products */,
			);
			sourceTree = "<group>";
		};
		50C98583252F688B00D33756 /* Products */ = {
			isa = PBXGroup;
			children = (
				50C98582252F688B00D33756 /* ChinesseHoroscope.app */,
			);
			name = Products;
			sourceTree = "<group>";
		};
		50C98584252F688B00D33756 /* ChinesseHoroscope */ = {
			isa = PBXGroup;
			children = (
				507E21C62533427500D242B8 /* viewController */,
				50C9859C25308A2500D33756 /* Model */,
				50C98585252F688B00D33756 /* AppDelegate.swift */,
				50C98587252F688B00D33756 /* SceneDelegate.swift */,
				50C9858B252F688B00D33756 /* Main.storyboard */,
				50C9858E252F688C00D33756 /* Assets.xcassets */,
				50C98590252F688C00D33756 /* LaunchScreen.storyboard */,
				50C98593252F688C00D33756 /* Info.plist */,
			);
			path = ChinesseHoroscope;
			sourceTree = "<group>";
		};
		50C9859C25308A2500D33756 /* Model */ = {
			isa = PBXGroup;
			children = (
				50C9859D25308A3300D33756 /* User.swift */,
				50C985A12531E07900D33756 /* ZodiacSign.swift */,
			);
			path = Model;
			sourceTree = "<group>";
		};
/* End PBXGroup section */

/* Begin PBXNativeTarget section */
		50C98581252F688B00D33756 /* ChinesseHoroscope */ = {
			isa = PBXNativeTarget;
			buildConfigurationList = 50C98596252F688C00D33756 /* Build configuration list for PBXNativeTarget "ChinesseHoroscope" */;
			buildPhases = (
				50C9857E252F688B00D33756 /* Sources */,
				50C9857F252F688B00D33756 /* Frameworks */,
				50C98580252F688B00D33756 /* Resources */,
			);
			buildRules = (
			);
			dependencies = (
			);
			name = ChinesseHoroscope;
			productName = ChinesseHoroscope;
			productReference = 50C98582252F688B00D33756 /* ChinesseHoroscope.app */;
			productType = "com.apple.product-type.application";
		};
/* End PBXNativeTarget section */

/* Begin PBXProject section */
		50C9857A252F688B00D33756 /* Project object */ = {
			isa = PBXProject;
			attributes = {
				LastSwiftUpdateCheck = 1200;
				LastUpgradeCheck = 1200;
				TargetAttributes = {
					50C98581252F688B00D33756 = {
						CreatedOnToolsVersion = 12.0.1;
					};
				};
			};
			buildConfigurationList = 50C9857D252F688B00D33756 /* Build configuration list for PBXProject "ChinesseHoroscope" */;
			compatibilityVersion = "Xcode 9.3";
			developmentRegion = en;
			hasScannedForEncodings = 0;
			knownRegions = (
				en,
				Base,
			);
			mainGroup = 50C98579252F688B00D33756;
			productRefGroup = 50C98583252F688B00D33756 /* Products */;
			projectDirPath = "";
			projectRoot = "";
			targets = (
				50C98581252F688B00D33756 /* ChinesseHoroscope */,
			);
		};
/* End PBXProject section */

/* Begin PBXResourcesBuildPhase section */
		50C98580252F688B00D33756 /* Resources */ = {
			isa = PBXResourcesBuildPhase;
			buildActionMask = 2147483647;
			files = (
				50C98592252F688C00D33756 /* LaunchScreen.storyboard in Resources */,
				50C9858F252F688C00D33756 /* Assets.xcassets in Resources */,
				50C9858D252F688B00D33756 /* Main.storyboard in Resources */,
			);
			runOnlyForDeploymentPostprocessing = 0;
		};
/* End PBXResourcesBuildPhase section */

/* Begin PBXSourcesBuildPhase section */
		50C9857E252F688B00D33756 /* Sources */ = {
			isa = PBXSourcesBuildPhase;
			buildActionMask = 2147483647;
			files = (
				507E21CB253342BE00D242B8 /* LoginViewController.swift in Sources */,
				50C9859E25308A3300D33756 /* User.swift in Sources */,
				50C9858A252F688B00D33756 /* ViewController.swift in Sources */,
				50C98586252F688B00D33756 /* AppDelegate.swift in Sources */,
				50C985A22531E07A00D33756 /* ZodiacSign.swift in Sources */,
				507E21C8253342A700D242B8 /* AnimalViewController.swift in Sources */,
				50C98588252F688B00D33756 /* SceneDelegate.swift in Sources */,
			);
			runOnlyForDeploymentPostprocessing = 0;
		};
/* End PBXSourcesBuildPhase section */

/* Begin PBXVariantGroup section */
		50C9858B252F688B00D33756 /* Main.storyboard */ = {
			isa = PBXVariantGroup;
			children = (
				50C9858C252F688B00D33756 /* Base */,
			);
			name = Main.storyboard;
			sourceTree = "<group>";
		};
		50C98590252F688C00D33756 /* LaunchScreen.storyboard */ = {
			isa = PBXVariantGroup;
			children = (
				50C98591252F688C00D33756 /* Base */,
			);
			name = LaunchScreen.storyboard;
			sourceTree = "<group>";
		};
/* End PBXVariantGroup section */

/* Begin XCBuildConfiguration section */
		50C98594252F688C00D33756 /* Debug */ = {
			isa = XCBuildConfiguration;
			buildSettings = {
				ALWAYS_SEARCH_USER_PATHS = NO;
				CLANG_ANALYZER_NONNULL = YES;
				CLANG_ANALYZER_NUMBER_OBJECT_CONVERSION = YES_AGGRESSIVE;
				CLANG_CXX_LANGUAGE_STANDARD = "gnu++14";
				CLANG_CXX_LIBRARY = "libc++";
				CLANG_ENABLE_MODULES = YES;
				CLANG_ENABLE_OBJC_ARC = YES;
				CLANG_ENABLE_OBJC_WEAK = YES;
				CLANG_WARN_BLOCK_CAPTURE_AUTORELEASING = YES;
				CLANG_WARN_BOOL_CONVERSION = YES;
				CLANG_WARN_COMMA = YES;
				CLANG_WARN_CONSTANT_CONVERSION = YES;
				CLANG_WARN_DEPRECATED_OBJC_IMPLEMENTATIONS = YES;
				CLANG_WARN_DIRECT_OBJC_ISA_USAGE = YES_ERROR;
				CLANG_WARN_DOCUMENTATION_COMMENTS = YES;
				CLANG_WARN_EMPTY_BODY = YES;
				CLANG_WARN_ENUM_CONVERSION = YES;
				CLANG_WARN_INFINITE_RECURSION = YES;
				CLANG_WARN_INT_CONVERSION = YES;
				CLANG_WARN_NON_LITERAL_NULL_CONVERSION = YES;
				CLANG_WARN_OBJC_IMPLICIT_RETAIN_SELF = YES;
				CLANG_WARN_OBJC_LITERAL_CONVERSION = YES;
				CLANG_WARN_OBJC_ROOT_CLASS = YES_ERROR;
				CLANG_WARN_QUOTED_INCLUDE_IN_FRAMEWORK_HEADER = YES;
				CLANG_WARN_RANGE_LOOP_ANALYSIS = YES;
				CLANG_WARN_STRICT_PROTOTYPES = YES;
				CLANG_WARN_SUSPICIOUS_MOVE = YES;
				CLANG_WARN_UNGUARDED_AVAILABILITY = YES_AGGRESSIVE;
				CLANG_WARN_UNREACHABLE_CODE = YES;
				CLANG_WARN__DUPLICATE_METHOD_MATCH = YES;
				COPY_PHASE_STRIP = NO;
				DEBUG_INFORMATION_FORMAT = dwarf;
				ENABLE_STRICT_OBJC_MSGSEND = YES;
				ENABLE_TESTABILITY = YES;
				GCC_C_LANGUAGE_STANDARD = gnu11;
				GCC_DYNAMIC_NO_PIC = NO;
				GCC_NO_COMMON_BLOCKS = YES;
				GCC_OPTIMIZATION_LEVEL = 0;
				GCC_PREPROCESSOR_DEFINITIONS = (
					"DEBUG=1",
					"$(inherited)",
				);
				GCC_WARN_64_TO_32_BIT_CONVERSION = YES;
				GCC_WARN_ABOUT_RETURN_TYPE = YES_ERROR;
				GCC_WARN_UNDECLARED_SELECTOR = YES;
				GCC_WARN_UNINITIALIZED_AUTOS = YES_AGGRESSIVE;
				GCC_WARN_UNUSED_FUNCTION = YES;
				GCC_WARN_UNUSED_VARIABLE = YES;
				IPHONEOS_DEPLOYMENT_TARGET = 14.0;
				MTL_ENABLE_DEBUG_INFO = INCLUDE_SOURCE;
				MTL_FAST_MATH = YES;
				ONLY_ACTIVE_ARCH = YES;
				SDKROOT = iphoneos;
				SWIFT_ACTIVE_COMPILATION_CONDITIONS = DEBUG;
				SWIFT_OPTIMIZATION_LEVEL = "-Onone";
			};
			name = Debug;
		};
		50C98595252F688C00D33756 /* Release */ = {
			isa = XCBuildConfiguration;
			buildSettings = {
				ALWAYS_SEARCH_USER_PATHS = NO;
				CLANG_ANALYZER_NONNULL = YES;
				CLANG_ANALYZER_NUMBER_OBJECT_CONVERSION = YES_AGGRESSIVE;
				CLANG_CXX_LANGUAGE_STANDARD = "gnu++14";
				CLANG_CXX_LIBRARY = "libc++";
				CLANG_ENABLE_MODULES = YES;
				CLANG_ENABLE_OBJC_ARC = YES;
				CLANG_ENABLE_OBJC_WEAK = YES;
				CLANG_WARN_BLOCK_CAPTURE_AUTORELEASING = YES;
				CLANG_WARN_BOOL_CONVERSION = YES;
				CLANG_WARN_COMMA = YES;
				CLANG_WARN_CONSTANT_CONVERSION = YES;
				CLANG_WARN_DEPRECATED_OBJC_IMPLEMENTATIONS = YES;
				CLANG_WARN_DIRECT_OBJC_ISA_USAGE = YES_ERROR;
				CLANG_WARN_DOCUMENTATION_COMMENTS = YES;
				CLANG_WARN_EMPTY_BODY = YES;
				CLANG_WARN_ENUM_CONVERSION = YES;
				CLANG_WARN_INFINITE_RECURSION = YES;
				CLANG_WARN_INT_CONVERSION = YES;
				CLANG_WARN_NON_LITERAL_NULL_CONVERSION = YES;
				CLANG_WARN_OBJC_IMPLICIT_RETAIN_SELF = YES;
				CLANG_WARN_OBJC_LITERAL_CONVERSION = YES;
				CLANG_WARN_OBJC_ROOT_CLASS = YES_ERROR;
				CLANG_WARN_QUOTED_INCLUDE_IN_FRAMEWORK_HEADER = YES;
				CLANG_WARN_RANGE_LOOP_ANALYSIS = YES;
				CLANG_WARN_STRICT_PROTOTYPES = YES;
				CLANG_WARN_SUSPICIOUS_MOVE = YES;
				CLANG_WARN_UNGUARDED_AVAILABILITY = YES_AGGRESSIVE;
				CLANG_WARN_UNREACHABLE_CODE = YES;
				CLANG_WARN__DUPLICATE_METHOD_MATCH = YES;
				COPY_PHASE_STRIP = NO;
				DEBUG_INFORMATION_FORMAT = "dwarf-with-dsym";
				ENABLE_NS_ASSERTIONS = NO;
				ENABLE_STRICT_OBJC_MSGSEND = YES;
				GCC_C_LANGUAGE_STANDARD = gnu11;
				GCC_NO_COMMON_BLOCKS = YES;
				GCC_WARN_64_TO_32_BIT_CONVERSION = YES;
				GCC_WARN_ABOUT_RETURN_TYPE = YES_ERROR;
				GCC_WARN_UNDECLARED_SELECTOR = YES;
				GCC_WARN_UNINITIALIZED_AUTOS = YES_AGGRESSIVE;
				GCC_WARN_UNUSED_FUNCTION = YES;
				GCC_WARN_UNUSED_VARIABLE = YES;
				IPHONEOS_DEPLOYMENT_TARGET = 14.0;
				MTL_ENABLE_DEBUG_INFO = NO;
				MTL_FAST_MATH = YES;
				SDKROOT = iphoneos;
				SWIFT_COMPILATION_MODE = wholemodule;
				SWIFT_OPTIMIZATION_LEVEL = "-O";
				VALIDATE_PRODUCT = YES;
			};
			name = Release;
		};
		50C98597252F688C00D33756 /* Debug */ = {
			isa = XCBuildConfiguration;
			buildSettings = {
				ASSETCATALOG_COMPILER_APPICON_NAME = AppIcon;
				ASSETCATALOG_COMPILER_GLOBAL_ACCENT_COLOR_NAME = AccentColor;
				CODE_SIGN_STYLE = Automatic;
				DEVELOPMENT_TEAM = UCS9ZZ9J83;
				INFOPLIST_FILE = ChinesseHoroscope/Info.plist;
				LD_RUNPATH_SEARCH_PATHS = (
					"$(inherited)",
					"@executable_path/Frameworks",
				);
				PRODUCT_BUNDLE_IDENTIFIER = es.mmeyfour.ChinesseHoroscope;
				PRODUCT_NAME = "$(TARGET_NAME)";
				SWIFT_VERSION = 5.0;
				TARGETED_DEVICE_FAMILY = "1,2";
			};
			name = Debug;
		};
		50C98598252F688C00D33756 /* Release */ = {
			isa = XCBuildConfiguration;
			buildSettings = {
				ASSETCATALOG_COMPILER_APPICON_NAME = AppIcon;
				ASSETCATALOG_COMPILER_GLOBAL_ACCENT_COLOR_NAME = AccentColor;
				CODE_SIGN_STYLE = Automatic;
				DEVELOPMENT_TEAM = UCS9ZZ9J83;
				INFOPLIST_FILE = ChinesseHoroscope/Info.plist;
				LD_RUNPATH_SEARCH_PATHS = (
					"$(inherited)",
					"@executable_path/Frameworks",
				);
				PRODUCT_BUNDLE_IDENTIFIER = es.mmeyfour.ChinesseHoroscope;
				PRODUCT_NAME = "$(TARGET_NAME)";
				SWIFT_VERSION = 5.0;
				TARGETED_DEVICE_FAMILY = "1,2";
			};
			name = Release;
		};
/* End XCBuildConfiguration section */

/* Begin XCConfigurationList section */
		50C9857D252F688B00D33756 /* Build configuration list for PBXProject "ChinesseHoroscope" */ = {
			isa = XCConfigurationList;
			buildConfigurations = (
				50C98594252F688C00D33756 /* Debug */,
				50C98595252F688C00D33756 /* Release */,
			);
			defaultConfigurationIsVisible = 0;
			defaultConfigurationName = Release;
		};
		50C98596252F688C00D33756 /* Build configuration list for PBXNativeTarget "ChinesseHoroscope" */ = {
			isa = XCConfigurationList;
			buildConfigurations = (
				50C98597252F688C00D33756 /* Debug */,
				50C98598252F688C00D33756 /* Release */,
			);
			defaultConfigurationIsVisible = 0;
			defaultConfigurationName = Release;
		};
/* End XCConfigurationList section */
	};
	rootObject = 50C9857A252F688B00D33756 /* Project object */;
}
